
Microsoft Visual Studio Solution File, Format Version 12.00
# Visual Studio 15
VisualStudioVersion = 15.0.27428.2027
MinimumVisualStudioVersion = 10.0.40219.1
Project("{8BC9CEB8-8B4A-11D0-8D11-00A0C91BC942}") = "BlackJack", "BlackJack\BlackJack.vcxproj", "{64BE0408-2F11-4228-92EA-4080AF726F71}"
EndProject
Global
	GlobalSection(SolutionConfigurationPlatforms) = preSolution
		Debug|x64 = Debug|x64
		Debug|x86 = Debug|x86
		Release|x64 = Release|x64
		Release|x86 = Release|x86
	EndGlobalSection
	GlobalSection(ProjectConfigurationPlatforms) = postSolution
		{64BE0408-2F11-4228-92EA-4080AF726F71}.Debug|x64.ActiveCfg = Debug|x64
		{64BE0408-2F11-4228-92EA-4080AF726F71}.Debug|x64.Build.0 = Debug|x64
		{64BE0408-2F11-4228-92EA-4080AF726F71}.Debug|x86.ActiveCfg = Debug|Win32
		{64BE0408-2F11-4228-92EA-4080AF726F71}.Debug|x86.Build.0 = Debug|Win32
		{64BE0408-2F11-4228-92EA-4080AF726F71}.Release|x64.ActiveCfg = Release|x64
		{64BE0408-2F11-4228-92EA-4080AF726F71}.Release|x64.Build.0 = Release|x64
		{64BE0408-2F11-4228-92EA-4080AF726F71}.Release|x86.ActiveCfg = Release|Win32
		{64BE0408-2F11-4228-92EA-4080AF726F71}.Release|x86.Build.0 = Release|Win32
	EndGlobalSection
	GlobalSection(SolutionProperties) = preSolution
		HideSolutionNode = FALSE
	EndGlobalSection
	GlobalSection(ExtensibilityGlobals) = postSolution
		SolutionGuid = {D04C892D-3D35-4319-B997-2704E39AD4ED}
	EndGlobalSection
EndGlobal
